
Microsoft Visual Studio Solution File, Format Version 12.00
# Visual Studio Version 16
VisualStudioVersion = 16.0.31424.327
MinimumVisualStudioVersion = 10.0.40219.1
Project("{FAE04EC0-301F-11D3-BF4B-00C04F79EFBC}") = "WinFormsApp", "WinFormsApp\WinFormsApp.csproj", "{DEF39916-3E89-4CAC-8F36-09F030ED485D}"
EndProject
Global
	GlobalSection(SolutionConfigurationPlatforms) = preSolution
		Debug|Any CPU = Debug|Any CPU
		Release|Any CPU = Release|Any CPU
	EndGlobalSection
	GlobalSection(ProjectConfigurationPlatforms) = postSolution
		{DEF39916-3E89-4CAC-8F36-09F030ED485D}.Debug|Any CPU.ActiveCfg = Debug|Any CPU
		{DEF39916-3E89-4CAC-8F36-09F030ED485D}.Debug|Any CPU.Build.0 = Debug|Any CPU
		{DEF39916-3E89-4CAC-8F36-09F030ED485D}.Release|Any CPU.ActiveCfg = Release|Any CPU
		{DEF39916-3E89-4CAC-8F36-09F030ED485D}.Release|Any CPU.Build.0 = Release|Any CPU
	EndGlobalSection
	GlobalSection(SolutionProperties) = preSolution
		HideSolutionNode = FALSE
	EndGlobalSection
	GlobalSection(ExtensibilityGlobals) = postSolution
		SolutionGuid = {EF12884A-373A-4EA4-A098-36D924964083}
	EndGlobalSection
EndGlobal
